github.com/diamondburned/arikawa/v3 v3.6.1-0.20260306005901-b24e0a8447e1 h1:Px6g5tRW5FZLQyX3z4gLLBV/tDiYG8LKCjY26cWrYpc=
github.com/diamondburned/arikawa/v3 v3.6.1-0.20260306005901-b24e0a8447e1/go.mod h1:TpV2GvCJIYSwAXUEAx4sutPcftyAbVidiFlG6l7K0go=
github.com/diamondburned/ningen/v3 v3.0.1-0.20260306213430-5a08d3a709b4 h1:m1WyrOUuFE4BuIcQzPeRmmLQmJMBNElT/tfx/s2+AoE=
github.com/diamondburned/ningen/v3 v3.0.1-0.20260306213430-5a08d3a709b4/go.mod h1:JSqSCBN5MAI9yjAO6tZlSayXM9KWx+8q3EhhlkCuscM=
github.com/gorilla/schema v1.4.1 h1:jUg5hUjCSDZpNGLuXQOgIWGdlgrIdYvgQ0wZtdK1M3E=
github.com/gorilla/schema v1.4.1/go.mod h1:Dg5SSm5PV60mhF2NFaTV1xuYYj8tV8NOPRo4FggUMnM=
github.com/gorilla/websocket v1.5.3 h1:saDtZ6Pbx/0u+bgYQ3q96pZgCzfhKXGPqt7kZ72aNNg=
github.com/gorilla/websocket v1.5.3/go.mod h1:YR8l580nyteQvAITg2hZ9XVh4b55+EU/adAjf1fMHhE=
github.com/pkg/errors v0.9.1 h1:FEBLx1zS214owpjy7qsBeixbURkuhQAwrK5UwLGTwt4=
github.com/pkg/errors v0.9.1/go.mod h1:bwawxfHBFNV+L2hUp1rHADufV3IMtnDRdf1r5NINEl0=
github.com/twmb/murmur3 v1.1.8 h1:8Yt9taO/WN3l08xErzjeschgZU2QSrwm1kclYq+0aRg=
github.com/twmb/murmur3 v1.1.8/go.mod h1:Qq/R7NUyOfr65zD+6Q5IHKsJLwP7exErjN6lyyq3OSQ=
golang.org/x/time v0.14.0 h1:MRx4UaLrDotUKUdCIqzPC48t1Y9hANFKIRpNx+Te8PI=
golang.org/x/time v0.14.0/go.mod h1:eL/Oa2bBBK0TkX57Fyni+NgnyQQN4LitPmob2Hjnqw4=
